
Microsoft Visual Studio Solution File, Format Version 12.00
# Visual Studio 14
VisualStudioVersion = 14.0.25420.1
MinimumVisualStudioVersion = 10.0.40219.1
Project("{FAE04EC0-301F-11D3-BF4B-00C04F79EFBC}") = "TechDashboard.WPF", "TechDashboard.WPF\TechDashboard.WPF.csproj", "{92009EE8-D87C-435D-8A2B-AE08263459B5}"
EndProject
Project("{FAE04EC0-301F-11D3-BF4B-00C04F79EFBC}") = "TechDashboard", "TechDashboard\TechDashboard.csproj", "{2A450A57-6C1E-4FA0-9542-33793A5BF3E7}"
EndProject
Project("{FAE04EC0-301F-11D3-BF4B-00C04F79EFBC}") = "Sage.SData.Client_3_5", "Sage.SData.Client\Sage.SData.Client_3_5.csproj", "{590B03D1-FC26-4AFD-98F8-421E6E8DDBA8}"
EndProject
Project("{6141683F-8A12-4E36-9623-2EB02B2C2303}") = "TechDashboardSetup", "TechDashboardSetup\TechDashboardSetup.isproj", "{5B66D24A-D00D-4CF4-9402-A8335010B836}"
	ProjectSection(ProjectDependencies) = postProject
		{9C94AE13-561E-470F-BF3B-2C51F4086BD7} = {9C94AE13-561E-470F-BF3B-2C51F4086BD7}
		{2A450A57-6C1E-4FA0-9542-33793A5BF3E7} = {2A450A57-6C1E-4FA0-9542-33793A5BF3E7}
		{590B03D1-FC26-4AFD-98F8-421E6E8DDBA8} = {590B03D1-FC26-4AFD-98F8-421E6E8DDBA8}
		{92009EE8-D87C-435D-8A2B-AE08263459B5} = {92009EE8-D87C-435D-8A2B-AE08263459B5}
		{9A77E5ED-4CF7-49B7-A886-3B87720AE191} = {9A77E5ED-4CF7-49B7-A886-3B87720AE191}
	EndProjectSection
EndProject
Project("{FAE04EC0-301F-11D3-BF4B-00C04F79EFBC}") = "Rkl.Erp.Sage.Sage100.TableObjects", "..\..\Sage\Sage100\TableObjects\Rkl.Erp.Sage.Sage100.TableObjects.csproj", "{9A77E5ED-4CF7-49B7-A886-3B87720AE191}"
EndProject
Project("{FAE04EC0-301F-11D3-BF4B-00C04F79EFBC}") = "Rkl.Erp.Sage.SData.Client", "..\..\Sage\SData\Client\Rkl.Erp.Sage.SData.Client.csproj", "{9C94AE13-561E-470F-BF3B-2C51F4086BD7}"
EndProject
Global
	GlobalSection(SolutionConfigurationPlatforms) = preSolution
		CD_ROM|Any CPU = CD_ROM|Any CPU
		CD_ROM|x64 = CD_ROM|x64
		CD_ROM|x86 = CD_ROM|x86
		Debug|Any CPU = Debug|Any CPU
		Debug|x64 = Debug|x64
		Debug|x86 = Debug|x86
		DVD-5|Any CPU = DVD-5|Any CPU
		DVD-5|x64 = DVD-5|x64
		DVD-5|x86 = DVD-5|x86
		Release|Any CPU = Release|Any CPU
		Release|x64 = Release|x64
		Release|x86 = Release|x86
		SingleImage|Any CPU = SingleImage|Any CPU
		SingleImage|x64 = SingleImage|x64
		SingleImage|x86 = SingleImage|x86
	EndGlobalSection
	GlobalSection(ProjectConfigurationPlatforms) = postSolution
		{92009EE8-D87C-435D-8A2B-AE08263459B5}.CD_ROM|Any CPU.ActiveCfg = Release|Any CPU
		{92009EE8-D87C-435D-8A2B-AE08263459B5}.CD_ROM|Any CPU.Build.0 = Release|Any CPU
		{92009EE8-D87C-435D-8A2B-AE08263459B5}.CD_ROM|x64.ActiveCfg = Release|x64
		{92009EE8-D87C-435D-8A2B-AE08263459B5}.CD_ROM|x64.Build.0 = Release|x64
		{92009EE8-D87C-435D-8A2B-AE08263459B5}.CD_ROM|x86.ActiveCfg = Debug|x86
		{92009EE8-D87C-435D-8A2B-AE08263459B5}.CD_ROM|x86.Build.0 = Debug|x86
		{92009EE8-D87C-435D-8A2B-AE08263459B5}.Debug|Any CPU.ActiveCfg = Debug|Any CPU
		{92009EE8-D87C-435D-8A2B-AE08263459B5}.Debug|Any CPU.Build.0 = Debug|Any CPU
		{92009EE8-D87C-435D-8A2B-AE08263459B5}.Debug|x64.ActiveCfg = Debug|x64
		{92009EE8-D87C-435D-8A2B-AE08263459B5}.Debug|x64.Build.0 = Debug|x64
		{92009EE8-D87C-435D-8A2B-AE08263459B5}.Debug|x86.ActiveCfg = Debug|Any CPU
		{92009EE8-D87C-435D-8A2B-AE08263459B5}.Debug|x86.Build.0 = Debug|Any CPU
		{92009EE8-D87C-435D-8A2B-AE08263459B5}.DVD-5|Any CPU.ActiveCfg = Debug|Any CPU
		{92009EE8-D87C-435D-8A2B-AE08263459B5}.DVD-5|Any CPU.Build.0 = Debug|Any CPU
		{92009EE8-D87C-435D-8A2B-AE08263459B5}.DVD-5|x64.ActiveCfg = Debug|x64
		{92009EE8-D87C-435D-8A2B-AE08263459B5}.DVD-5|x64.Build.0 = Debug|x64
		{92009EE8-D87C-435D-8A2B-AE08263459B5}.DVD-5|x86.ActiveCfg = Debug|x86
		{92009EE8-D87C-435D-8A2B-AE08263459B5}.DVD-5|x86.Build.0 = Debug|x86
		{92009EE8-D87C-435D-8A2B-AE08263459B5}.Release|Any CPU.ActiveCfg = Debug|Any CPU
		{92009EE8-D87C-435D-8A2B-AE08263459B5}.Release|Any CPU.Build.0 = Debug|Any CPU
		{92009EE8-D87C-435D-8A2B-AE08263459B5}.Release|x64.ActiveCfg = Release|x64
		{92009EE8-D87C-435D-8A2B-AE08263459B5}.Release|x64.Build.0 = Release|x64
		{92009EE8-D87C-435D-8A2B-AE08263459B5}.Release|x86.ActiveCfg = Release|x86
		{92009EE8-D87C-435D-8A2B-AE08263459B5}.Release|x86.Build.0 = Release|x86
		{92009EE8-D87C-435D-8A2B-AE08263459B5}.SingleImage|Any CPU.ActiveCfg = Release|Any CPU
		{92009EE8-D87C-435D-8A2B-AE08263459B5}.SingleImage|Any CPU.Build.0 = Release|Any CPU
		{92009EE8-D87C-435D-8A2B-AE08263459B5}.SingleImage|x64.ActiveCfg = Release|x64
		{92009EE8-D87C-435D-8A2B-AE08263459B5}.SingleImage|x64.Build.0 = Release|x64
		{92009EE8-D87C-435D-8A2B-AE08263459B5}.SingleImage|x86.ActiveCfg = Debug|x86
		{92009EE8-D87C-435D-8A2B-AE08263459B5}.SingleImage|x86.Build.0 = Debug|x86
		{2A450A57-6C1E-4FA0-9542-33793A5BF3E7}.CD_ROM|Any CPU.ActiveCfg = Release|Any CPU
		{2A450A57-6C1E-4FA0-9542-33793A5BF3E7}.CD_ROM|Any CPU.Build.0 = Release|Any CPU
		{2A450A57-6C1E-4FA0-9542-33793A5BF3E7}.CD_ROM|x64.ActiveCfg = Release|Any CPU
		{2A450A57-6C1E-4FA0-9542-33793A5BF3E7}.CD_ROM|x64.Build.0 = Release|Any CPU
		{2A450A57-6C1E-4FA0-9542-33793A5BF3E7}.CD_ROM|x86.ActiveCfg = Release|Any CPU
		{2A450A57-6C1E-4FA0-9542-33793A5BF3E7}.CD_ROM|x86.Build.0 = Release|Any CPU
		{2A450A57-6C1E-4FA0-9542-33793A5BF3E7}.Debug|Any CPU.ActiveCfg = Debug|Any CPU
		{2A450A57-6C1E-4FA0-9542-33793A5BF3E7}.Debug|Any CPU.Build.0 = Debug|Any CPU
		{2A450A57-6C1E-4FA0-9542-33793A5BF3E7}.Debug|x64.ActiveCfg = Debug|Any CPU
		{2A450A57-6C1E-4FA0-9542-33793A5BF3E7}.Debug|x64.Build.0 = Debug|Any CPU
		{2A450A57-6C1E-4FA0-9542-33793A5BF3E7}.Debug|x86.ActiveCfg = Debug|Any CPU
		{2A450A57-6C1E-4FA0-9542-33793A5BF3E7}.Debug|x86.Build.0 = Debug|Any CPU
		{2A450A57-6C1E-4FA0-9542-33793A5BF3E7}.DVD-5|Any CPU.ActiveCfg = Debug|Any CPU
		{2A450A57-6C1E-4FA0-9542-33793A5BF3E7}.DVD-5|Any CPU.Build.0 = Debug|Any CPU
		{2A450A57-6C1E-4FA0-9542-33793A5BF3E7}.DVD-5|x64.ActiveCfg = Debug|Any CPU
		{2A450A57-6C1E-4FA0-9542-33793A5BF3E7}.DVD-5|x64.Build.0 = Debug|Any CPU
		{2A450A57-6C1E-4FA0-9542-33793A5BF3E7}.DVD-5|x86.ActiveCfg = Debug|Any CPU
		{2A450A57-6C1E-4FA0-9542-33793A5BF3E7}.DVD-5|x86.Build.0 = Debug|Any CPU
		{2A450A57-6C1E-4FA0-9542-33793A5BF3E7}.Release|Any CPU.ActiveCfg = Release|Any CPU
		{2A450A57-6C1E-4FA0-9542-33793A5BF3E7}.Release|Any CPU.Build.0 = Release|Any CPU
		{2A450A57-6C1E-4FA0-9542-33793A5BF3E7}.Release|x64.ActiveCfg = Release|Any CPU
		{2A450A57-6C1E-4FA0-9542-33793A5BF3E7}.Release|x64.Build.0 = Release|Any CPU
		{2A450A57-6C1E-4FA0-9542-33793A5BF3E7}.Release|x86.ActiveCfg = Release|Any CPU
		{2A450A57-6C1E-4FA0-9542-33793A5BF3E7}.Release|x86.Build.0 = Release|Any CPU
		{2A450A57-6C1E-4FA0-9542-33793A5BF3E7}.SingleImage|Any CPU.ActiveCfg = Release|Any CPU
		{2A450A57-6C1E-4FA0-9542-33793A5BF3E7}.SingleImage|Any CPU.Build.0 = Release|Any CPU
		{2A450A57-6C1E-4FA0-9542-33793A5BF3E7}.SingleImage|x64.ActiveCfg = Release|Any CPU
		{2A450A57-6C1E-4FA0-9542-33793A5BF3E7}.SingleImage|x64.Build.0 = Release|Any CPU
		{2A450A57-6C1E-4FA0-9542-33793A5BF3E7}.SingleImage|x86.ActiveCfg = Release|Any CPU
		{2A450A57-6C1E-4FA0-9542-33793A5BF3E7}.SingleImage|x86.Build.0 = Release|Any CPU
		{590B03D1-FC26-4AFD-98F8-421E6E8DDBA8}.CD_ROM|Any CPU.ActiveCfg = Release|Any CPU
		{590B03D1-FC26-4AFD-98F8-421E6E8DDBA8}.CD_ROM|Any CPU.Build.0 = Release|Any CPU
		{590B03D1-FC26-4AFD-98F8-421E6E8DDBA8}.CD_ROM|x64.ActiveCfg = Release|Any CPU
		{590B03D1-FC26-4AFD-98F8-421E6E8DDBA8}.CD_ROM|x64.Build.0 = Release|Any CPU
		{590B03D1-FC26-4AFD-98F8-421E6E8DDBA8}.CD_ROM|x86.ActiveCfg = Release|Any CPU
		{590B03D1-FC26-4AFD-98F8-421E6E8DDBA8}.CD_ROM|x86.Build.0 = Release|Any CPU
		{590B03D1-FC26-4AFD-98F8-421E6E8DDBA8}.Debug|Any CPU.ActiveCfg = Debug|Any CPU
		{590B03D1-FC26-4AFD-98F8-421E6E8DDBA8}.Debug|Any CPU.Build.0 = Debug|Any CPU
		{590B03D1-FC26-4AFD-98F8-421E6E8DDBA8}.Debug|x64.ActiveCfg = Debug|Any CPU
		{590B03D1-FC26-4AFD-98F8-421E6E8DDBA8}.Debug|x64.Build.0 = Debug|Any CPU
		{590B03D1-FC26-4AFD-98F8-421E6E8DDBA8}.Debug|x86.ActiveCfg = Debug|Any CPU
		{590B03D1-FC26-4AFD-98F8-421E6E8DDBA8}.Debug|x86.Build.0 = Debug|Any CPU
		{590B03D1-FC26-4AFD-98F8-421E6E8DDBA8}.DVD-5|Any CPU.ActiveCfg = Debug|Any CPU
		{590B03D1-FC26-4AFD-98F8-421E6E8DDBA8}.DVD-5|Any CPU.Build.0 = Debug|Any CPU
		{590B03D1-FC26-4AFD-98F8-421E6E8DDBA8}.DVD-5|x64.ActiveCfg = Debug|Any CPU
		{590B03D1-FC26-4AFD-98F8-421E6E8DDBA8}.DVD-5|x64.Build.0 = Debug|Any CPU
		{590B03D1-FC26-4AFD-98F8-421E6E8DDBA8}.DVD-5|x86.ActiveCfg = Debug|Any CPU
		{590B03D1-FC26-4AFD-98F8-421E6E8DDBA8}.DVD-5|x86.Build.0 = Debug|Any CPU
		{590B03D1-FC26-4AFD-98F8-421E6E8DDBA8}.Release|Any CPU.ActiveCfg = Release|Any CPU
		{590B03D1-FC26-4AFD-98F8-421E6E8DDBA8}.Release|Any CPU.Build.0 = Release|Any CPU
		{590B03D1-FC26-4AFD-98F8-421E6E8DDBA8}.Release|x64.ActiveCfg = Release|Any CPU
		{590B03D1-FC26-4AFD-98F8-421E6E8DDBA8}.Release|x64.Build.0 = Release|Any CPU
		{590B03D1-FC26-4AFD-98F8-421E6E8DDBA8}.Release|x86.ActiveCfg = Release|Any CPU
		{590B03D1-FC26-4AFD-98F8-421E6E8DDBA8}.Release|x86.Build.0 = Release|Any CPU
		{590B03D1-FC26-4AFD-98F8-421E6E8DDBA8}.SingleImage|Any CPU.ActiveCfg = Release|Any CPU
		{590B03D1-FC26-4AFD-98F8-421E6E8DDBA8}.SingleImage|Any CPU.Build.0 = Release|Any CPU
		{590B03D1-FC26-4AFD-98F8-421E6E8DDBA8}.SingleImage|x64.ActiveCfg = Release|Any CPU
		{590B03D1-FC26-4AFD-98F8-421E6E8DDBA8}.SingleImage|x64.Build.0 = Release|Any CPU
		{590B03D1-FC26-4AFD-98F8-421E6E8DDBA8}.SingleImage|x86.ActiveCfg = Release|Any CPU
		{590B03D1-FC26-4AFD-98F8-421E6E8DDBA8}.SingleImage|x86.Build.0 = Release|Any CPU
		{5B66D24A-D00D-4CF4-9402-A8335010B836}.CD_ROM|Any CPU.ActiveCfg = CD_ROM
		{5B66D24A-D00D-4CF4-9402-A8335010B836}.CD_ROM|Any CPU.Build.0 = CD_ROM
		{5B66D24A-D00D-4CF4-9402-A8335010B836}.CD_ROM|x64.ActiveCfg = CD_ROM
		{5B66D24A-D00D-4CF4-9402-A8335010B836}.CD_ROM|x64.Build.0 = CD_ROM
		{5B66D24A-D00D-4CF4-9402-A8335010B836}.CD_ROM|x86.ActiveCfg = CD_ROM
		{5B66D24A-D00D-4CF4-9402-A8335010B836}.CD_ROM|x86.Build.0 = CD_ROM
		{5B66D24A-D00D-4CF4-9402-A8335010B836}.Debug|Any CPU.ActiveCfg = DVD-5
		{5B66D24A-D00D-4CF4-9402-A8335010B836}.Debug|Any CPU.Build.0 = DVD-5
		{5B66D24A-D00D-4CF4-9402-A8335010B836}.Debug|x64.ActiveCfg = DVD-5
		{5B66D24A-D00D-4CF4-9402-A8335010B836}.Debug|x64.Build.0 = DVD-5
		{5B66D24A-D00D-4CF4-9402-A8335010B836}.Debug|x86.ActiveCfg = DVD-5
		{5B66D24A-D00D-4CF4-9402-A8335010B836}.Debug|x86.Build.0 = DVD-5
		{5B66D24A-D00D-4CF4-9402-A8335010B836}.DVD-5|Any CPU.ActiveCfg = DVD-5
		{5B66D24A-D00D-4CF4-9402-A8335010B836}.DVD-5|Any CPU.Build.0 = DVD-5
		{5B66D24A-D00D-4CF4-9402-A8335010B836}.DVD-5|x64.ActiveCfg = DVD-5
		{5B66D24A-D00D-4CF4-9402-A8335010B836}.DVD-5|x64.Build.0 = DVD-5
		{5B66D24A-D00D-4CF4-9402-A8335010B836}.DVD-5|x86.ActiveCfg = DVD-5
		{5B66D24A-D00D-4CF4-9402-A8335010B836}.DVD-5|x86.Build.0 = DVD-5
		{5B66D24A-D00D-4CF4-9402-A8335010B836}.Release|Any CPU.ActiveCfg = SingleImage
		{5B66D24A-D00D-4CF4-9402-A8335010B836}.Release|Any CPU.Build.0 = SingleImage
		{5B66D24A-D00D-4CF4-9402-A8335010B836}.Release|x64.ActiveCfg = SingleImage
		{5B66D24A-D00D-4CF4-9402-A8335010B836}.Release|x64.Build.0 = SingleImage
		{5B66D24A-D00D-4CF4-9402-A8335010B836}.Release|x86.ActiveCfg = SingleImage
		{5B66D24A-D00D-4CF4-9402-A8335010B836}.Release|x86.Build.0 = SingleImage
		{5B66D24A-D00D-4CF4-9402-A8335010B836}.SingleImage|Any CPU.ActiveCfg = SingleImage
		{5B66D24A-D00D-4CF4-9402-A8335010B836}.SingleImage|Any CPU.Build.0 = SingleImage
		{5B66D24A-D00D-4CF4-9402-A8335010B836}.SingleImage|x64.ActiveCfg = SingleImage
		{5B66D24A-D00D-4CF4-9402-A8335010B836}.SingleImage|x64.Build.0 = SingleImage
		{5B66D24A-D00D-4CF4-9402-A8335010B836}.SingleImage|x86.ActiveCfg = SingleImage
		{5B66D24A-D00D-4CF4-9402-A8335010B836}.SingleImage|x86.Build.0 = SingleImage
		{9A77E5ED-4CF7-49B7-A886-3B87720AE191}.CD_ROM|Any CPU.ActiveCfg = Release|Any CPU
		{9A77E5ED-4CF7-49B7-A886-3B87720AE191}.CD_ROM|Any CPU.Build.0 = Release|Any CPU
		{9A77E5ED-4CF7-49B7-A886-3B87720AE191}.CD_ROM|x64.ActiveCfg = Release|Any CPU
		{9A77E5ED-4CF7-49B7-A886-3B87720AE191}.CD_ROM|x64.Build.0 = Release|Any CPU
		{9A77E5ED-4CF7-49B7-A886-3B87720AE191}.CD_ROM|x86.ActiveCfg = Release|Any CPU
		{9A77E5ED-4CF7-49B7-A886-3B87720AE191}.CD_ROM|x86.Build.0 = Release|Any CPU
		{9A77E5ED-4CF7-49B7-A886-3B87720AE191}.Debug|Any CPU.ActiveCfg = Debug|Any CPU
		{9A77E5ED-4CF7-49B7-A886-3B87720AE191}.Debug|Any CPU.Build.0 = Debug|Any CPU
		{9A77E5ED-4CF7-49B7-A886-3B87720AE191}.Debug|x64.ActiveCfg = Debug|Any CPU
		{9A77E5ED-4CF7-49B7-A886-3B87720AE191}.Debug|x64.Build.0 = Debug|Any CPU
		{9A77E5ED-4CF7-49B7-A886-3B87720AE191}.Debug|x86.ActiveCfg = Debug|Any CPU
		{9A77E5ED-4CF7-49B7-A886-3B87720AE191}.Debug|x86.Build.0 = Debug|Any CPU
		{9A77E5ED-4CF7-49B7-A886-3B87720AE191}.DVD-5|Any CPU.ActiveCfg = Debug|Any CPU
		{9A77E5ED-4CF7-49B7-A886-3B87720AE191}.DVD-5|Any CPU.Build.0 = Debug|Any CPU
		{9A77E5ED-4CF7-49B7-A886-3B87720AE191}.DVD-5|x64.ActiveCfg = Debug|Any CPU
		{9A77E5ED-4CF7-49B7-A886-3B87720AE191}.DVD-5|x64.Build.0 = Debug|Any CPU
		{9A77E5ED-4CF7-49B7-A886-3B87720AE191}.DVD-5|x86.ActiveCfg = Debug|Any CPU
		{9A77E5ED-4CF7-49B7-A886-3B87720AE191}.DVD-5|x86.Build.0 = Debug|Any CPU
		{9A77E5ED-4CF7-49B7-A886-3B87720AE191}.Release|Any CPU.ActiveCfg = Release|Any CPU
		{9A77E5ED-4CF7-49B7-A886-3B87720AE191}.Release|Any CPU.Build.0 = Release|Any CPU
		{9A77E5ED-4CF7-49B7-A886-3B87720AE191}.Release|x64.ActiveCfg = Release|Any CPU
		{9A77E5ED-4CF7-49B7-A886-3B87720AE191}.Release|x64.Build.0 = Release|Any CPU
		{9A77E5ED-4CF7-49B7-A886-3B87720AE191}.Release|x86.ActiveCfg = Release|Any CPU
		{9A77E5ED-4CF7-49B7-A886-3B87720AE191}.Release|x86.Build.0 = Release|Any CPU
		{9A77E5ED-4CF7-49B7-A886-3B87720AE191}.SingleImage|Any CPU.ActiveCfg = Release|Any CPU
		{9A77E5ED-4CF7-49B7-A886-3B87720AE191}.SingleImage|Any CPU.Build.0 = Release|Any CPU
		{9A77E5ED-4CF7-49B7-A886-3B87720AE191}.SingleImage|x64.ActiveCfg = Release|Any CPU
		{9A77E5ED-4CF7-49B7-A886-3B87720AE191}.SingleImage|x64.Build.0 = Release|Any CPU
		{9A77E5ED-4CF7-49B7-A886-3B87720AE191}.SingleImage|x86.ActiveCfg = Release|Any CPU
		{9A77E5ED-4CF7-49B7-A886-3B87720AE191}.SingleImage|x86.Build.0 = Release|Any CPU
		{9C94AE13-561E-470F-BF3B-2C51F4086BD7}.CD_ROM|Any CPU.ActiveCfg = Release|Any CPU
		{9C94AE13-561E-470F-BF3B-2C51F4086BD7}.CD_ROM|Any CPU.Build.0 = Release|Any CPU
		{9C94AE13-561E-470F-BF3B-2C51F4086BD7}.CD_ROM|x64.ActiveCfg = Release|Any CPU
		{9C94AE13-561E-470F-BF3B-2C51F4086BD7}.CD_ROM|x64.Build.0 = Release|Any CPU
		{9C94AE13-561E-470F-BF3B-2C51F4086BD7}.CD_ROM|x86.ActiveCfg = Release|Any CPU
		{9C94AE13-561E-470F-BF3B-2C51F4086BD7}.CD_ROM|x86.Build.0 = Release|Any CPU
		{9C94AE13-561E-470F-BF3B-2C51F4086BD7}.Debug|Any CPU.ActiveCfg = Debug|Any CPU
		{9C94AE13-561E-470F-BF3B-2C51F4086BD7}.Debug|Any CPU.Build.0 = Debug|Any CPU
		{9C94AE13-561E-470F-BF3B-2C51F4086BD7}.Debug|x64.ActiveCfg = Debug|Any CPU
		{9C94AE13-561E-470F-BF3B-2C51F4086BD7}.Debug|x64.Build.0 = Debug|Any CPU
		{9C94AE13-561E-470F-BF3B-2C51F4086BD7}.Debug|x86.ActiveCfg = Debug|Any CPU
		{9C94AE13-561E-470F-BF3B-2C51F4086BD7}.Debug|x86.Build.0 = Debug|Any CPU
		{9C94AE13-561E-470F-BF3B-2C51F4086BD7}.DVD-5|Any CPU.ActiveCfg = Debug|Any CPU
		{9C94AE13-561E-470F-BF3B-2C51F4086BD7}.DVD-5|Any CPU.Build.0 = Debug|Any CPU
		{9C94AE13-561E-470F-BF3B-2C51F4086BD7}.DVD-5|x64.ActiveCfg = Debug|Any CPU
		{9C94AE13-561E-470F-BF3B-2C51F4086BD7}.DVD-5|x64.Build.0 = Debug|Any CPU
		{9C94AE13-561E-470F-BF3B-2C51F4086BD7}.DVD-5|x86.ActiveCfg = Debug|Any CPU
		{9C94AE13-561E-470F-BF3B-2C51F4086BD7}.DVD-5|x86.Build.0 = Debug|Any CPU
		{9C94AE13-561E-470F-BF3B-2C51F4086BD7}.Release|Any CPU.ActiveCfg = Release|Any CPU
		{9C94AE13-561E-470F-BF3B-2C51F4086BD7}.Release|Any CPU.Build.0 = Release|Any CPU
		{9C94AE13-561E-470F-BF3B-2C51F4086BD7}.Release|x64.ActiveCfg = Release|Any CPU
		{9C94AE13-561E-470F-BF3B-2C51F4086BD7}.Release|x64.Build.0 = Release|Any CPU
		{9C94AE13-561E-470F-BF3B-2C51F4086BD7}.Release|x86.ActiveCfg = Release|Any CPU
		{9C94AE13-561E-470F-BF3B-2C51F4086BD7}.Release|x86.Build.0 = Release|Any CPU
		{9C94AE13-561E-470F-BF3B-2C51F4086BD7}.SingleImage|Any CPU.ActiveCfg = Release|Any CPU
		{9C94AE13-561E-470F-BF3B-2C51F4086BD7}.SingleImage|Any CPU.Build.0 = Release|Any CPU
		{9C94AE13-561E-470F-BF3B-2C51F4086BD7}.SingleImage|x64.ActiveCfg = Release|Any CPU
		{9C94AE13-561E-470F-BF3B-2C51F4086BD7}.SingleImage|x64.Build.0 = Release|Any CPU
		{9C94AE13-561E-470F-BF3B-2C51F4086BD7}.SingleImage|x86.ActiveCfg = Release|Any CPU
		{9C94AE13-561E-470F-BF3B-2C51F4086BD7}.SingleImage|x86.Build.0 = Release|Any CPU
	EndGlobalSection
	GlobalSection(SolutionProperties) = preSolution
		HideSolutionNode = FALSE
	EndGlobalSection
EndGlobal
